PODS:
  - Capacitor (7.2.0):
    - CapacitorCordova
  - CapacitorApp (7.0.1):
    - Capacitor
  - CapacitorCordova (7.2.0)
  - CapacitorInappbrowser (2.1.0):
    - Capacitor
    - OSInAppBrowserLib (~> 2.0)
  - CapacitorPreferences (7.0.1):
    - Capacitor
  - OSInAppBrowserLib (2.0.0)

DEPENDENCIES:
  - "Capacitor (from `../../../../node_modules/.pnpm/@capacitor+ios@7.2.0_@capacitor+core@7.2.0/node_modules/@capacitor/ios`)"
  - "CapacitorApp (from `../../../../node_modules/.pnpm/@capacitor+app@7.0.1_@capacitor+core@7.2.0/node_modules/@capacitor/app`)"
  - "CapacitorCordova (from `../../../../node_modules/.pnpm/@capacitor+ios@7.2.0_@capacitor+core@7.2.0/node_modules/@capacitor/ios`)"
  - "CapacitorInappbrowser (from `../../../../node_modules/.pnpm/@capacitor+inappbrowser@2.1.0_@capacitor+core@7.2.0/node_modules/@capacitor/inappbrowser`)"
  - "CapacitorPreferences (from `../../../../node_modules/.pnpm/@capacitor+preferences@7.0.1_@capacitor+core@7.2.0/node_modules/@capacitor/preferences`)"

SPEC REPOS:
  trunk:
    - OSInAppBrowserLib

EXTERNAL SOURCES:
  Capacitor:
    :path: "../../../../node_modules/.pnpm/@capacitor+ios@7.2.0_@capacitor+core@7.2.0/node_modules/@capacitor/ios"
  CapacitorApp:
    :path: "../../../../node_modules/.pnpm/@capacitor+app@7.0.1_@capacitor+core@7.2.0/node_modules/@capacitor/app"
  CapacitorCordova:
    :path: "../../../../node_modules/.pnpm/@capacitor+ios@7.2.0_@capacitor+core@7.2.0/node_modules/@capacitor/ios"
  CapacitorInappbrowser:
    :path: "../../../../node_modules/.pnpm/@capacitor+inappbrowser@2.1.0_@capacitor+core@7.2.0/node_modules/@capacitor/inappbrowser"
  CapacitorPreferences:
    :path: "../../../../node_modules/.pnpm/@capacitor+preferences@7.0.1_@capacitor+core@7.2.0/node_modules/@capacitor/preferences"

SPEC CHECKSUMS:
  Capacitor: 03bc7cbdde6a629a8b910a9d7d78c3cc7ed09ea7
  CapacitorApp: febecbb9582cb353aed037e18ec765141f880fe9
  CapacitorCordova: 5967b9ba03915ef1d585469d6e31f31dc49be96f
  CapacitorInappbrowser: b9b366f37561bf92da226df6353631ac01cc5b92
  CapacitorPreferences: 6c98117d4d7508034a4af9db64d6b26fc75d7b94
  OSInAppBrowserLib: 232c74691cffb9959aa07b1d5ff57d96fca2af7f

PODFILE CHECKSUM: 942544bce5e367a881b4d078243433d8c5a44a3f

COCOAPODS: 1.16.2
